
Microsoft Visual Studio Solution File, Format Version 12.00
Project("{2150E333-8FDC-42A3-9474-1A3956D46DE8}") = "1.Presentation", "1.Presentation", "{8AD3680B-ACB4-4CE4-A36D-1BCDF7D8D5F3}"
EndProject
Project("{2150E333-8FDC-42A3-9474-1A3956D46DE8}") = "3.Domain", "3.Domain", "{646E95EA-BC86-452E-9F03-8EDC453D24A9}"
EndProject
Project("{2150E333-8FDC-42A3-9474-1A3956D46DE8}") = "2.Application", "2.Application", "{F855EA65-C5EF-4DD3-9B4D-3A091EB8D50A}"
EndProject
Project("{2150E333-8FDC-42A3-9474-1A3956D46DE8}") = "4.Infra", "4.Infra", "{95F8E57E-188E-4DAF-B138-E528501EE939}"
EndProject
Project("{FAE04EC0-301F-11D3-BF4B-00C04F79EFBC}") = "TorcLib.Application", "src\TorcLib.Application\TorcLib.Application.csproj", "{4779E9BB-EDC3-4D36-AFE4-242F4BB53C9D}"
EndProject
Project("{FAE04EC0-301F-11D3-BF4B-00C04F79EFBC}") = "TorcLib.Domain", "src\TorcLib.Domain\TorcLib.Domain.csproj", "{2F5FD7C3-7E36-49BF-A1C4-59910FAA8E7E}"
EndProject
Project("{FAE04EC0-301F-11D3-BF4B-00C04F79EFBC}") = "TorcLib.Data", "src\TorcLib.Data\TorcLib.Data.csproj", "{9785136A-ABB3-48D4-A156-AD6C48329546}"
EndProject
Project("{FAE04EC0-301F-11D3-BF4B-00C04F79EFBC}") = "TorcLib.IoC", "src\TorcLib.IoC\TorcLib.IoC.csproj", "{674A8B29-EDC9-4A02-90CB-4BCAA728B780}"
EndProject
Project("{FAE04EC0-301F-11D3-BF4B-00C04F79EFBC}") = "TorcLib.WebApi", "src\TorcLib.WebApi\TorcLib.WebApi.csproj", "{4160F97E-59BF-4014-9394-3CA9B72534D3}"
EndProject
Global
	GlobalSection(SolutionConfigurationPlatforms) = preSolution
		Debug|Any CPU = Debug|Any CPU
		Release|Any CPU = Release|Any CPU
	EndGlobalSection
	GlobalSection(ProjectConfigurationPlatforms) = postSolution
		{4779E9BB-EDC3-4D36-AFE4-242F4BB53C9D}.Debug|Any CPU.ActiveCfg = Debug|Any CPU
		{4779E9BB-EDC3-4D36-AFE4-242F4BB53C9D}.Debug|Any CPU.Build.0 = Debug|Any CPU
		{4779E9BB-EDC3-4D36-AFE4-242F4BB53C9D}.Release|Any CPU.ActiveCfg = Release|Any CPU
		{4779E9BB-EDC3-4D36-AFE4-242F4BB53C9D}.Release|Any CPU.Build.0 = Release|Any CPU
		{2F5FD7C3-7E36-49BF-A1C4-59910FAA8E7E}.Debug|Any CPU.ActiveCfg = Debug|Any CPU
		{2F5FD7C3-7E36-49BF-A1C4-59910FAA8E7E}.Debug|Any CPU.Build.0 = Debug|Any CPU
		{2F5FD7C3-7E36-49BF-A1C4-59910FAA8E7E}.Release|Any CPU.ActiveCfg = Release|Any CPU
		{2F5FD7C3-7E36-49BF-A1C4-59910FAA8E7E}.Release|Any CPU.Build.0 = Release|Any CPU
		{9785136A-ABB3-48D4-A156-AD6C48329546}.Debug|Any CPU.ActiveCfg = Debug|Any CPU
		{9785136A-ABB3-48D4-A156-AD6C48329546}.Debug|Any CPU.Build.0 = Debug|Any CPU
		{9785136A-ABB3-48D4-A156-AD6C48329546}.Release|Any CPU.ActiveCfg = Release|Any CPU
		{9785136A-ABB3-48D4-A156-AD6C48329546}.Release|Any CPU.Build.0 = Release|Any CPU
		{674A8B29-EDC9-4A02-90CB-4BCAA728B780}.Debug|Any CPU.ActiveCfg = Debug|Any CPU
		{674A8B29-EDC9-4A02-90CB-4BCAA728B780}.Debug|Any CPU.Build.0 = Debug|Any CPU
		{674A8B29-EDC9-4A02-90CB-4BCAA728B780}.Release|Any CPU.ActiveCfg = Release|Any CPU
		{674A8B29-EDC9-4A02-90CB-4BCAA728B780}.Release|Any CPU.Build.0 = Release|Any CPU
		{4160F97E-59BF-4014-9394-3CA9B72534D3}.Debug|Any CPU.ActiveCfg = Debug|Any CPU
		{4160F97E-59BF-4014-9394-3CA9B72534D3}.Debug|Any CPU.Build.0 = Debug|Any CPU
		{4160F97E-59BF-4014-9394-3CA9B72534D3}.Release|Any CPU.ActiveCfg = Release|Any CPU
		{4160F97E-59BF-4014-9394-3CA9B72534D3}.Release|Any CPU.Build.0 = Release|Any CPU
		{46500BDF-6BC7-4368-B666-8CB08D9D40AF}.Debug|Any CPU.ActiveCfg = Debug|Any CPU
		{46500BDF-6BC7-4368-B666-8CB08D9D40AF}.Debug|Any CPU.Build.0 = Debug|Any CPU
		{46500BDF-6BC7-4368-B666-8CB08D9D40AF}.Release|Any CPU.ActiveCfg = Release|Any CPU
		{46500BDF-6BC7-4368-B666-8CB08D9D40AF}.Release|Any CPU.Build.0 = Release|Any CPU
	EndGlobalSection
	GlobalSection(NestedProjects) = preSolution
		{4779E9BB-EDC3-4D36-AFE4-242F4BB53C9D} = {F855EA65-C5EF-4DD3-9B4D-3A091EB8D50A}
		{2F5FD7C3-7E36-49BF-A1C4-59910FAA8E7E} = {646E95EA-BC86-452E-9F03-8EDC453D24A9}
		{9785136A-ABB3-48D4-A156-AD6C48329546} = {95F8E57E-188E-4DAF-B138-E528501EE939}
		{674A8B29-EDC9-4A02-90CB-4BCAA728B780} = {95F8E57E-188E-4DAF-B138-E528501EE939}
		{4160F97E-59BF-4014-9394-3CA9B72534D3} = {8AD3680B-ACB4-4CE4-A36D-1BCDF7D8D5F3}
		{46500BDF-6BC7-4368-B666-8CB08D9D40AF} = {BAB34B67-2A04-43E1-B23C-7DDE12A43EDD}
	EndGlobalSection
EndGlobal
